{
  "name": "nblm",
  "version": "2.1.0",
  "lockfileVersion": 3,
  "requires": true,
  "packages": {
    "": {
      "name": "nblm",
      "version": "2.1.0",
      "dependencies": {
        "agent-browser": "0.5.0"
      }
    },
    "node_modules/agent-browser": {
      "version": "0.5.0",
      "resolved": "https://registry.npmjs.org/agent-browser/-/agent-browser-0.5.0.tgz",
      "integrity": "sha512-i0NGFBMwLMk7Q47vkyI8/DNxBmf3t5O+meq25rCJgxl4UbphwbnGamMmB/ZZBLLifXGYcU/joUnFEOxmV691zw==",
      "hasInstallScript": true,
      "license": "Apache-2.0",
      "dependencies": {
        "playwright-core": "^1.57.0",
        "ws": "^8.19.0",
        "zod": "^3.22.4"
      },
      "bin": {
        "agent-browser": "bin/agent-browser"
      }
    },
    "node_modules/playwright-core": {
      "version": "1.57.0",
      "license": "Apache-2.0",
      "bin": {
        "playwright-core": "cli.js"
      },
      "engines": {
        "node": ">=18"
      }
    },
    "node_modules/ws": {
      "version": "8.19.0",
      "license": "MIT",
      "engines": {
        "node": ">=10.0.0"
      },
      "peerDependencies": {
        "bufferutil": "^4.0.1",
        "utf-8-validate": ">=5.0.2"
      },
      "peerDependenciesMeta": {
        "bufferutil": {
          "optional": true
        },
        "utf-8-validate": {
          "optional": true
        }
      }
    },
    "node_modules/zod": {
      "version": "3.25.76",
      "license": "MIT",
      "funding": {
        "url": "https://github.com/sponsors/colinhacks"
      }
    }
  }
}
